// !$*UTF8*$!
{
	archiveVersion = 1;
	classes = {
	};
	objectVersion = 56;
	objects = {

/* Begin PBXBuildFile section */
		043664E42BF3763000870221 /* Football_ChantsApp.swift in Sources */ = {isa = PBXBuildFile; fileRef = 043664E32BF3763000870221 /* Football_ChantsApp.swift */; };
		043664E62BF3763000870221 /* ContentView.swift in Sources */ = {isa = PBXBuildFile; fileRef = 043664E52BF3763000870221 /* ContentView.swift */; };
		043664E82BF3763000870221 /* Assets.xcassets in Resources */ = {isa = PBXBuildFile; fileRef = 043664E72BF3763000870221 /* Assets.xcassets */; };
		043664EC2BF3763000870221 /* Preview Assets.xcassets in Resources */ = {isa = PBXBuildFile; fileRef = 043664EB2BF3763000870221 /* Preview Assets.xcassets */; };
		043664F62BF3763000870221 /* Football_ChantsTests.swift in Sources */ = {isa = PBXBuildFile; fileRef = 043664F52BF3763000870221 /* Football_ChantsTests.swift */; };
		043665002BF3763000870221 /* Football_ChantsUITests.swift in Sources */ = {isa = PBXBuildFile; fileRef = 043664FF2BF3763000870221 /* Football_ChantsUITests.swift */; };
		043665022BF3763000870221 /* Football_ChantsUITestsLaunchTests.swift in Sources */ = {isa = PBXBuildFile; fileRef = 043665012BF3763000870221 /* Football_ChantsUITestsLaunchTests.swift */; };
/* End PBXBuildFile section */

/* Begin PBXContainerItemProxy section */
		043664F22BF3763000870221 /* PBXContainerItemProxy */ = {
			isa = PBXContainerItemProxy;
			containerPortal = 043664D82BF3763000870221 /* Project object */;
			proxyType = 1;
			remoteGlobalIDString = 043664DF2BF3763000870221;
			remoteInfo = "Football Chants";
		};
		043664FC2BF3763000870221 /* PBXContainerItemProxy */ = {
			isa = PBXContainerItemProxy;
			containerPortal = 043664D82BF3763000870221 /* Project object */;
			proxyType = 1;
			remoteGlobalIDString = 043664DF2BF3763000870221;
			remoteInfo = "Football Chants";
		};
/* End PBXContainerItemProxy section */

/* Begin PBXFileReference section */
		043664E02BF3763000870221 /* Football Chants.app */ = {isa = PBXFileReference; explicitFileType = wrapper.application; includeInIndex = 0; path = "Football Chants.app"; sourceTree = BUILT_PRODUCTS_DIR; };
		043664E32BF3763000870221 /* Football_ChantsApp.swift */ = {isa = PBXFileReference; lastKnownFileType = sourcecode.swift; path = Football_ChantsApp.swift; sourceTree = "<group>"; };
		043664E52BF3763000870221 /* ContentView.swift */ = {isa = PBXFileReference; lastKnownFileType = sourcecode.swift; path = ContentView.swift; sourceTree = "<group>"; };
		043664E72BF3763000870221 /* Assets.xcassets */ = {isa = PBXFileReference; lastKnownFileType = folder.assetcatalog; path = Assets.xcassets; sourceTree = "<group>"; };
		043664E92BF3763000870221 /* Football_Chants.entitlements */ = {isa = PBXFileReference; lastKnownFileType = text.plist.entitlements; path = Football_Chants.entitlements; sourceTree = "<group>"; };
		043664EB2BF3763000870221 /* Preview Assets.xcassets */ = {isa = PBXFileReference; lastKnownFileType = folder.assetcatalog; path = "Preview Assets.xcassets"; sourceTree = "<group>"; };
		043664F12BF3763000870221 /* Football ChantsTests.xctest */ = {isa = PBXFileReference; explicitFileType = wrapper.cfbundle; includeInIndex = 0; path = "Football ChantsTests.xctest"; sourceTree = BUILT_PRODUCTS_DIR; };
		043664F52BF3763000870221 /* Football_ChantsTests.swift */ = {isa = PBXFileReference; lastKnownFileType = sourcecode.swift; path = Football_ChantsTests.swift; sourceTree = "<group>"; };
		043664FB2BF3763000870221 /* Football ChantsUITests.xctest */ = {isa = PBXFileReference; explicitFileType = wrapper.cfbundle; includeInIndex = 0; path = "Football ChantsUITests.xctest"; sourceTree = BUILT_PRODUCTS_DIR; };
		043664FF2BF3763000870221 /* Football_ChantsUITests.swift */ = {isa = PBXFileReference; lastKnownFileType = sourcecode.swift; path = Football_ChantsUITests.swift; sourceTree = "<group>"; };
		043665012BF3763000870221 /* Football_ChantsUITestsLaunchTests.swift */ = {isa = PBXFileReference; lastKnownFileType = sourcecode.swift; path = Football_ChantsUITestsLaunchTests.swift; sourceTree = "<group>"; };
/* End PBXFileReference section */

/* Begin PBXFrameworksBuildPhase section */
		043664DD2BF3763000870221 /* Frameworks */ = {
			isa = PBXFrameworksBuildPhase;
			buildActionMask = 2147483647;
			files = (
			);
			runOnlyForDeploymentPostprocessing = 0;
		};
		043664EE2BF3763000870221 /* Frameworks */ = {
			isa = PBXFrameworksBuildPhase;
			buildActionMask = 2147483647;
			files = (
			);
			runOnlyForDeploymentPostprocessing = 0;
		};
		043664F82BF3763000870221 /* Frameworks */ = {
			isa = PBXFrameworksBuildPhase;
			buildActionMask = 2147483647;
			files = (
			);
			runOnlyForDeploymentPostprocessing = 0;
		};
/* End PBXFrameworksBuildPhase section */

/* Begin PBXGroup section */
		043664D72BF3763000870221 = {
			isa = PBXGroup;
			children = (
				043664E22BF3763000870221 /* Football Chants */,
				043664F42BF3763000870221 /* Football ChantsTests */,
				043664FE2BF3763000870221 /* Football ChantsUITests */,
				043664E12BF3763000870221 /* Products */,
			);
			sourceTree = "<group>";
		};
		043664E12BF3763000870221 /* Products */ = {
			isa = PBXGroup;
			children = (
				043664E02BF3763000870221 /* Football Chants.app */,
				043664F12BF3763000870221 /* Football ChantsTests.xctest */,
				043664FB2BF3763000870221 /* Football ChantsUITests.xctest */,
			);
			name = Products;
			sourceTree = "<group>";
		};
		043664E22BF3763000870221 /* Football Chants */ = {
			isa = PBXGroup;
			children = (
				043664E32BF3763000870221 /* Football_ChantsApp.swift */,
				043664E52BF3763000870221 /* ContentView.swift */,
				043664E72BF3763000870221 /* Assets.xcassets */,
				043664E92BF3763000870221 /* Football_Chants.entitlements */,
				043664EA2BF3763000870221 /* Preview Content */,
			);
			path = "Football Chants";
			sourceTree = "<group>";
		};
		043664EA2BF3763000870221 /* Preview Content */ = {
			isa = PBXGroup;
			children = (
				043664EB2BF3763000870221 /* Preview Assets.xcassets */,
			);
			path = "Preview Content";
			sourceTree = "<group>";
		};
		043664F42BF3763000870221 /* Football ChantsTests */ = {
			isa = PBXGroup;
			children = (
				043664F52BF3763000870221 /* Football_ChantsTests.swift */,
			);
			path = "Football ChantsTests";
			sourceTree = "<group>";
		};
		043664FE2BF3763000870221 /* Football ChantsUITests */ = {
			isa = PBXGroup;
			children = (
				043664FF2BF3763000870221 /* Football_ChantsUITests.swift */,
				043665012BF3763000870221 /* Football_ChantsUITestsLaunchTests.swift */,
			);
			path = "Football ChantsUITests";
			sourceTree = "<group>";
		};
/* End PBXGroup section */

/* Begin PBXNativeTarget section */
		043664DF2BF3763000870221 /* Football Chants */ = {
			isa = PBXNativeTarget;
			buildConfigurationList = 043665052BF3763000870221 /* Build configuration list for PBXNativeTarget "Football Chants" */;
			buildPhases = (
				043664DC2BF3763000870221 /* Sources */,
				043664DD2BF3763000870221 /* Frameworks */,
				043664DE2BF3763000870221 /* Resources */,
			);
			buildRules = (
			);
			dependencies = (
			);
			name = "Football Chants";
			productName = "Football Chants";
			productReference = 043664E02BF3763000870221 /* Football Chants.app */;
			productType = "com.apple.product-type.application";
		};
		043664F02BF3763000870221 /* Football ChantsTests */ = {
			isa = PBXNativeTarget;
			buildConfigurationList = 043665082BF3763000870221 /* Build configuration list for PBXNativeTarget "Football ChantsTests" */;
			buildPhases = (
				043664ED2BF3763000870221 /* Sources */,
				043664EE2BF3763000870221 /* Frameworks */,
				043664EF2BF3763000870221 /* Resources */,
			);
			buildRules = (
			);
			dependencies = (
				043664F32BF3763000870221 /* PBXTargetDependency */,
			);
			name = "Football ChantsTests";
			productName = "Football ChantsTests";
			productReference = 043664F12BF3763000870221 /* Football ChantsTests.xctest */;
			productType = "com.apple.product-type.bundle.unit-test";
		};
		043664FA2BF3763000870221 /* Football ChantsUITests */ = {
			isa = PBXNativeTarget;
			buildConfigurationList = 0436650B2BF3763000870221 /* Build configuration list for PBXNativeTarget "Football ChantsUITests" */;
			buildPhases = (
				043664F72BF3763000870221 /* Sources */,
				043664F82BF3763000870221 /* Frameworks */,
				043664F92BF3763000870221 /* Resources */,
			);
			buildRules = (
			);
			dependencies = (
				043664FD2BF3763000870221 /* PBXTargetDependency */,
			);
			name = "Football ChantsUITests";
			productName = "Football ChantsUITests";
			productReference = 043664FB2BF3763000870221 /* Football ChantsUITests.xctest */;
			productType = "com.apple.product-type.bundle.ui-testing";
		};
/* End PBXNativeTarget section */

/* Begin PBXProject section */
		043664D82BF3763000870221 /* Project object */ = {
			isa = PBXProject;
			attributes = {
				BuildIndependentTargetsInParallel = 1;
				LastSwiftUpdateCheck = 1510;
				LastUpgradeCheck = 1510;
				TargetAttributes = {
					043664DF2BF3763000870221 = {
						CreatedOnToolsVersion = 15.1;
					};
					043664F02BF3763000870221 = {
						CreatedOnToolsVersion = 15.1;
						TestTargetID = 043664DF2BF3763000870221;
					};
					043664FA2BF3763000870221 = {
						CreatedOnToolsVersion = 15.1;
						TestTargetID = 043664DF2BF3763000870221;
					};
				};
			};
			buildConfigurationList = 043664DB2BF3763000870221 /* Build configuration list for PBXProject "Football Chants" */;
			compatibilityVersion = "Xcode 14.0";
			developmentRegion = en;
			hasScannedForEncodings = 0;
			knownRegions = (
				en,
				Base,
			);
			mainGroup = 043664D72BF3763000870221;
			productRefGroup = 043664E12BF3763000870221 /* Products */;
			projectDirPath = "";
			projectRoot = "";
			targets = (
				043664DF2BF3763000870221 /* Football Chants */,
				043664F02BF3763000870221 /* Football ChantsTests */,
				043664FA2BF3763000870221 /* Football ChantsUITests */,
			);
		};
/* End PBXProject section */

/* Begin PBXResourcesBuildPhase section */
		043664DE2BF3763000870221 /* Resources */ = {
			isa = PBXResourcesBuildPhase;
			buildActionMask = 2147483647;
			files = (
				043664EC2BF3763000870221 /* Preview Assets.xcassets in Resources */,
				043664E82BF3763000870221 /* Assets.xcassets in Resources */,
			);
			runOnlyForDeploymentPostprocessing = 0;
		};
		043664EF2BF3763000870221 /* Resources */ = {
			isa = PBXResourcesBuildPhase;
			buildActionMask = 2147483647;
			files = (
			);
			runOnlyForDeploymentPostprocessing = 0;
		};
		043664F92BF3763000870221 /* Resources */ = {
			isa = PBXResourcesBuildPhase;
			buildActionMask = 2147483647;
			files = (
			);
			runOnlyForDeploymentPostprocessing = 0;
		};
/* End PBXResourcesBuildPhase section */

/* Begin PBXSourcesBuildPhase section */
		043664DC2BF3763000870221 /* Sources */ = {
			isa = PBXSourcesBuildPhase;
			buildActionMask = 2147483647;
			files = (
				043664E62BF3763000870221 /* ContentView.swift in Sources */,
				043664E42BF3763000870221 /* Football_ChantsApp.swift in Sources */,
			);
			runOnlyForDeploymentPostprocessing = 0;
		};
		043664ED2BF3763000870221 /* Sources */ = {
			isa = PBXSourcesBuildPhase;
			buildActionMask = 2147483647;
			files = (
				043664F62BF3763000870221 /* Football_ChantsTests.swift in Sources */,
			);
			runOnlyForDeploymentPostprocessing = 0;
		};
		043664F72BF3763000870221 /* Sources */ = {
			isa = PBXSourcesBuildPhase;
			buildActionMask = 2147483647;
			files = (
				043665022BF3763000870221 /* Football_ChantsUITestsLaunchTests.swift in Sources */,
				043665002BF3763000870221 /* Football_ChantsUITests.swift in Sources */,
			);
			runOnlyForDeploymentPostprocessing = 0;
		};
/* End PBXSourcesBuildPhase section */

/* Begin PBXTargetDependency section */
		043664F32BF3763000870221 /* PBXTargetDependency */ = {
			isa = PBXTargetDependency;
			target = 043664DF2BF3763000870221 /* Football Chants */;
			targetProxy = 043664F22BF3763000870221 /* PBXContainerItemProxy */;
		};
		043664FD2BF3763000870221 /* PBXTargetDependency */ = {
			isa = PBXTargetDependency;
			target = 043664DF2BF3763000870221 /* Football Chants */;
			targetProxy = 043664FC2BF3763000870221 /* PBXContainerItemProxy */;
		};
/* End PBXTargetDependency section */

/* Begin XCBuildConfiguration section */
		043665032BF3763000870221 /* Debug */ = {
			isa = XCBuildConfiguration;
			buildSettings = {
				ALWAYS_SEARCH_USER_PATHS = NO;
				ASSETCATALOG_COMPILER_GENERATE_SWIFT_ASSET_SYMBOL_EXTENSIONS = YES;
				CLANG_ANALYZER_NONNULL = YES;
				CLANG_ANALYZER_NUMBER_OBJECT_CONVERSION = YES_AGGRESSIVE;
				CLANG_CXX_LANGUAGE_STANDARD = "gnu++20";
				CLANG_ENABLE_MODULES = YES;
				CLANG_ENABLE_OBJC_ARC = YES;
				CLANG_ENABLE_OBJC_WEAK = YES;
				CLANG_WARN_BLOCK_CAPTURE_AUTORELEASING = YES;
				CLANG_WARN_BOOL_CONVERSION = YES;
				CLANG_WARN_COMMA = YES;
				CLANG_WARN_CONSTANT_CONVERSION = YES;
				CLANG_WARN_DEPRECATED_OBJC_IMPLEMENTATIONS = YES;
				CLANG_WARN_DIRECT_OBJC_ISA_USAGE = YES_ERROR;
				CLANG_WARN_DOCUMENTATION_COMMENTS = YES;
				CLANG_WARN_EMPTY_BODY = YES;
				CLANG_WARN_ENUM_CONVERSION = YES;
				CLANG_WARN_INFINITE_RECURSION = YES;
				CLANG_WARN_INT_CONVERSION = YES;
				CLANG_WARN_NON_LITERAL_NULL_CONVERSION = YES;
				CLANG_WARN_OBJC_IMPLICIT_RETAIN_SELF = YES;
				CLANG_WARN_OBJC_LITERAL_CONVERSION = YES;
				CLANG_WARN_OBJC_ROOT_CLASS = YES_ERROR;
				CLANG_WARN_QUOTED_INCLUDE_IN_FRAMEWORK_HEADER = YES;
				CLANG_WARN_RANGE_LOOP_ANALYSIS = YES;
				CLANG_WARN_STRICT_PROTOTYPES = YES;
				CLANG_WARN_SUSPICIOUS_MOVE = YES;
				CLANG_WARN_UNGUARDED_AVAILABILITY = YES_AGGRESSIVE;
				CLANG_WARN_UNREACHABLE_CODE = YES;
				CLANG_WARN__DUPLICATE_METHOD_MATCH = YES;
				COPY_PHASE_STRIP = NO;
				DEBUG_INFORMATION_FORMAT = dwarf;
				ENABLE_STRICT_OBJC_MSGSEND = YES;
				ENABLE_TESTABILITY = YES;
				ENABLE_USER_SCRIPT_SANDBOXING = YES;
				GCC_C_LANGUAGE_STANDARD = gnu17;
				GCC_DYNAMIC_NO_PIC = NO;
				GCC_NO_COMMON_BLOCKS = YES;
				GCC_OPTIMIZATION_LEVEL = 0;
				GCC_PREPROCESSOR_DEFINITIONS = (
					"DEBUG=1",
					"$(inherited)",
				);
				GCC_WARN_64_TO_32_BIT_CONVERSION = YES;
				GCC_WARN_ABOUT_RETURN_TYPE = YES_ERROR;
				GCC_WARN_UNDECLARED_SELECTOR = YES;
				GCC_WARN_UNINITIALIZED_AUTOS = YES_AGGRESSIVE;
				GCC_WARN_UNUSED_FUNCTION = YES;
				GCC_WARN_UNUSED_VARIABLE = YES;
				LOCALIZATION_PREFERS_STRING_CATALOGS = YES;
				MTL_ENABLE_DEBUG_INFO = INCLUDE_SOURCE;
				MTL_FAST_MATH = YES;
				ONLY_ACTIVE_ARCH = YES;
				SWIFT_ACTIVE_COMPILATION_CONDITIONS = "DEBUG $(inherited)";
				SWIFT_OPTIMIZATION_LEVEL = "-Onone";
			};
			name = Debug;
		};
		043665042BF3763000870221 /* Release */ = {
			isa = XCBuildConfiguration;
			buildSettings = {
				ALWAYS_SEARCH_USER_PATHS = NO;
				ASSETCATALOG_COMPILER_GENERATE_SWIFT_ASSET_SYMBOL_EXTENSIONS = YES;
				CLANG_ANALYZER_NONNULL = YES;
				CLANG_ANALYZER_NUMBER_OBJECT_CONVERSION = YES_AGGRESSIVE;
				CLANG_CXX_LANGUAGE_STANDARD = "gnu++20";
				CLANG_ENABLE_MODULES = YES;
				CLANG_ENABLE_OBJC_ARC = YES;
				CLANG_ENABLE_OBJC_WEAK = YES;
				CLANG_WARN_BLOCK_CAPTURE_AUTORELEASING = YES;
				CLANG_WARN_BOOL_CONVERSION = YES;
				CLANG_WARN_COMMA = YES;
				CLANG_WARN_CONSTANT_CONVERSION = YES;
				CLANG_WARN_DEPRECATED_OBJC_IMPLEMENTATIONS = YES;
				CLANG_WARN_DIRECT_OBJC_ISA_USAGE = YES_ERROR;
				CLANG_WARN_DOCUMENTATION_COMMENTS = YES;
				CLANG_WARN_EMPTY_BODY = YES;
				CLANG_WARN_ENUM_CONVERSION = YES;
				CLANG_WARN_INFINITE_RECURSION = YES;
				CLANG_WARN_INT_CONVERSION = YES;
				CLANG_WARN_NON_LITERAL_NULL_CONVERSION = YES;
				CLANG_WARN_OBJC_IMPLICIT_RETAIN_SELF = YES;
				CLANG_WARN_OBJC_LITERAL_CONVERSION = YES;
				CLANG_WARN_OBJC_ROOT_CLASS = YES_ERROR;
				CLANG_WARN_QUOTED_INCLUDE_IN_FRAMEWORK_HEADER = YES;
				CLANG_WARN_RANGE_LOOP_ANALYSIS = YES;
				CLANG_WARN_STRICT_PROTOTYPES = YES;
				CLANG_WARN_SUSPICIOUS_MOVE = YES;
				CLANG_WARN_UNGUARDED_AVAILABILITY = YES_AGGRESSIVE;
				CLANG_WARN_UNREACHABLE_CODE = YES;
				CLANG_WARN__DUPLICATE_METHOD_MATCH = YES;
				COPY_PHASE_STRIP = NO;
				DEBUG_INFORMATION_FORMAT = "dwarf-with-dsym";
				ENABLE_NS_ASSERTIONS = NO;
				ENABLE_STRICT_OBJC_MSGSEND = YES;
				ENABLE_USER_SCRIPT_SANDBOXING = YES;
				GCC_C_LANGUAGE_STANDARD = gnu17;
				GCC_NO_COMMON_BLOCKS = YES;
				GCC_WARN_64_TO_32_BIT_CONVERSION = YES;
				GCC_WARN_ABOUT_RETURN_TYPE = YES_ERROR;
				GCC_WARN_UNDECLARED_SELECTOR = YES;
				GCC_WARN_UNINITIALIZED_AUTOS = YES_AGGRESSIVE;
				GCC_WARN_UNUSED_FUNCTION = YES;
				GCC_WARN_UNUSED_VARIABLE = YES;
				LOCALIZATION_PREFERS_STRING_CATALOGS = YES;
				MTL_ENABLE_DEBUG_INFO = NO;
				MTL_FAST_MATH = YES;
				SWIFT_COMPILATION_MODE = wholemodule;
			};
			name = Release;
		};
		043665062BF3763000870221 /* Debug */ = {
			isa = XCBuildConfiguration;
			buildSettings = {
				ASSETCATALOG_COMPILER_APPICON_NAME = AppIcon;
				ASSETCATALOG_COMPILER_GLOBAL_ACCENT_COLOR_NAME = AccentColor;
				CODE_SIGN_ENTITLEMENTS = "Football Chants/Football_Chants.entitlements";
				CODE_SIGN_STYLE = Automatic;
				CURRENT_PROJECT_VERSION = 1;
				DEVELOPMENT_ASSET_PATHS = "\"Football Chants/Preview Content\"";
				DEVELOPMENT_TEAM = 6ZJT2Y529T;
				ENABLE_HARDENED_RUNTIME = YES;
				ENABLE_PREVIEWS = YES;
				GENERATE_INFOPLIST_FILE = YES;
				"INFOPLIST_KEY_UIApplicationSceneManifest_Generation[sdk=iphoneos*]" = YES;
				"INFOPLIST_KEY_UIApplicationSceneManifest_Generation[sdk=iphonesimulator*]" = YES;
				"INFOPLIST_KEY_UIApplicationSupportsIndirectInputEvents[sdk=iphoneos*]" = YES;
				"INFOPLIST_KEY_UIApplicationSupportsIndirectInputEvents[sdk=iphonesimulator*]" = YES;
				"INFOPLIST_KEY_UILaunchScreen_Generation[sdk=iphoneos*]" = YES;
				"INFOPLIST_KEY_UILaunchScreen_Generation[sdk=iphonesimulator*]" = YES;
				"INFOPLIST_KEY_UIStatusBarStyle[sdk=iphoneos*]" = UIStatusBarStyleDefault;
				"INFOPLIST_KEY_UIStatusBarStyle[sdk=iphonesimulator*]" = UIStatusBarStyleDefault;
				INFOPLIST_KEY_UISupportedInterfaceOrientations_iPad = "UIInterfaceOrientationPortrait UIInterfaceOrientationPortraitUpsideDown UIInterfaceOrientationLandscapeLeft UIInterfaceOrientationLandscapeRight";
				INFOPLIST_KEY_UISupportedInterfaceOrientations_iPhone = "UIInterfaceOrientationPortrait UIInterfaceOrientationLandscapeLeft UIInterfaceOrientationLandscapeRight";
				IPHONEOS_DEPLOYMENT_TARGET = 17.2;
				LD_RUNPATH_SEARCH_PATHS = "@executable_path/Frameworks";
				"LD_RUNPATH_SEARCH_PATHS[sdk=macosx*]" = "@executable_path/../Frameworks";
				MACOSX_DEPLOYMENT_TARGET = 14.0;
				MARKETING_VERSION = 1.0;
				PRODUCT_BUNDLE_IDENTIFIER = "winzo.Football-Chants";
				PRODUCT_NAME = "$(TARGET_NAME)";
				SDKROOT = auto;
				SUPPORTED_PLATFORMS = "iphoneos iphonesimulator macosx";
				SWIFT_EMIT_LOC_STRINGS = YES;
				SWIFT_VERSION = 5.0;
				TARGETED_DEVICE_FAMILY = "1,2";
			};
			name = Debug;
		};
		043665072BF3763000870221 /* Release */ = {
			isa = XCBuildConfiguration;
			buildSettings = {
				ASSETCATALOG_COMPILER_APPICON_NAME = AppIcon;
				ASSETCATALOG_COMPILER_GLOBAL_ACCENT_COLOR_NAME = AccentColor;
				CODE_SIGN_ENTITLEMENTS = "Football Chants/Football_Chants.entitlements";
				CODE_SIGN_STYLE = Automatic;
				CURRENT_PROJECT_VERSION = 1;
				DEVELOPMENT_ASSET_PATHS = "\"Football Chants/Preview Content\"";
				DEVELOPMENT_TEAM = 6ZJT2Y529T;
				ENABLE_HARDENED_RUNTIME = YES;
				ENABLE_PREVIEWS = YES;
				GENERATE_INFOPLIST_FILE = YES;
				"INFOPLIST_KEY_UIApplicationSceneManifest_Generation[sdk=iphoneos*]" = YES;
				"INFOPLIST_KEY_UIApplicationSceneManifest_Generation[sdk=iphonesimulator*]" = YES;
				"INFOPLIST_KEY_UIApplicationSupportsIndirectInputEvents[sdk=iphoneos*]" = YES;
				"INFOPLIST_KEY_UIApplicationSupportsIndirectInputEvents[sdk=iphonesimulator*]" = YES;
				"INFOPLIST_KEY_UILaunchScreen_Generation[sdk=iphoneos*]" = YES;
				"INFOPLIST_KEY_UILaunchScreen_Generation[sdk=iphonesimulator*]" = YES;
				"INFOPLIST_KEY_UIStatusBarStyle[sdk=iphoneos*]" = UIStatusBarStyleDefault;
				"INFOPLIST_KEY_UIStatusBarStyle[sdk=iphonesimulator*]" = UIStatusBarStyleDefault;
				INFOPLIST_KEY_UISupportedInterfaceOrientations_iPad = "UIInterfaceOrientationPortrait UIInterfaceOrientationPortraitUpsideDown UIInterfaceOrientationLandscapeLeft UIInterfaceOrientationLandscapeRight";
				INFOPLIST_KEY_UISupportedInterfaceOrientations_iPhone = "UIInterfaceOrientationPortrait UIInterfaceOrientationLandscapeLeft UIInterfaceOrientationLandscapeRight";
				IPHONEOS_DEPLOYMENT_TARGET = 17.2;
				LD_RUNPATH_SEARCH_PATHS = "@executable_path/Frameworks";
				"LD_RUNPATH_SEARCH_PATHS[sdk=macosx*]" = "@executable_path/../Frameworks";
				MACOSX_DEPLOYMENT_TARGET = 14.0;
				MARKETING_VERSION = 1.0;
				PRODUCT_BUNDLE_IDENTIFIER = "winzo.Football-Chants";
				PRODUCT_NAME = "$(TARGET_NAME)";
				SDKROOT = auto;
				SUPPORTED_PLATFORMS = "iphoneos iphonesimulator macosx";
				SWIFT_EMIT_LOC_STRINGS = YES;
				SWIFT_VERSION = 5.0;
				TARGETED_DEVICE_FAMILY = "1,2";
			};
			name = Release;
		};
		043665092BF3763000870221 /* Debug */ = {
			isa = XCBuildConfiguration;
			buildSettings = {
				ALWAYS_EMBED_SWIFT_STANDARD_LIBRARIES = YES;
				BUNDLE_LOADER = "$(TEST_HOST)";
				CODE_SIGN_STYLE = Automatic;
				CURRENT_PROJECT_VERSION = 1;
				DEVELOPMENT_TEAM = 6ZJT2Y529T;
				GENERATE_INFOPLIST_FILE = YES;
				IPHONEOS_DEPLOYMENT_TARGET = 17.2;
				MACOSX_DEPLOYMENT_TARGET = 14.0;
				MARKETING_VERSION = 1.0;
				PRODUCT_BUNDLE_IDENTIFIER = "winzo.Football-ChantsTests";
				PRODUCT_NAME = "$(TARGET_NAME)";
				SDKROOT = auto;
				SUPPORTED_PLATFORMS = "iphoneos iphonesimulator macosx";
				SWIFT_EMIT_LOC_STRINGS = NO;
				SWIFT_VERSION = 5.0;
				TARGETED_DEVICE_FAMILY = "1,2";
				TEST_HOST = "$(BUILT_PRODUCTS_DIR)/Football Chants.app/$(BUNDLE_EXECUTABLE_FOLDER_PATH)/Football Chants";
			};
			name = Debug;
		};
		0436650A2BF3763000870221 /* Release */ = {
			isa = XCBuildConfiguration;
			buildSettings = {
				ALWAYS_EMBED_SWIFT_STANDARD_LIBRARIES = YES;
				BUNDLE_LOADER = "$(TEST_HOST)";
				CODE_SIGN_STYLE = Automatic;
				CURRENT_PROJECT_VERSION = 1;
				DEVELOPMENT_TEAM = 6ZJT2Y529T;
				GENERATE_INFOPLIST_FILE = YES;
				IPHONEOS_DEPLOYMENT_TARGET = 17.2;
				MACOSX_DEPLOYMENT_TARGET = 14.0;
				MARKETING_VERSION = 1.0;
				PRODUCT_BUNDLE_IDENTIFIER = "winzo.Football-ChantsTests";
				PRODUCT_NAME = "$(TARGET_NAME)";
				SDKROOT = auto;
				SUPPORTED_PLATFORMS = "iphoneos iphonesimulator macosx";
				SWIFT_EMIT_LOC_STRINGS = NO;
				SWIFT_VERSION = 5.0;
				TARGETED_DEVICE_FAMILY = "1,2";
				TEST_HOST = "$(BUILT_PRODUCTS_DIR)/Football Chants.app/$(BUNDLE_EXECUTABLE_FOLDER_PATH)/Football Chants";
			};
			name = Release;
		};
		0436650C2BF3763000870221 /* Debug */ = {
			isa = XCBuildConfiguration;
			buildSettings = {
				ALWAYS_EMBED_SWIFT_STANDARD_LIBRARIES = YES;
				CODE_SIGN_STYLE = Automatic;
				CURRENT_PROJECT_VERSION = 1;
				DEVELOPMENT_TEAM = 6ZJT2Y529T;
				GENERATE_INFOPLIST_FILE = YES;
				IPHONEOS_DEPLOYMENT_TARGET = 17.2;
				MACOSX_DEPLOYMENT_TARGET = 14.0;
				MARKETING_VERSION = 1.0;
				PRODUCT_BUNDLE_IDENTIFIER = "winzo.Football-ChantsUITests";
				PRODUCT_NAME = "$(TARGET_NAME)";
				SDKROOT = auto;
				SUPPORTED_PLATFORMS = "iphoneos iphonesimulator macosx";
				SWIFT_EMIT_LOC_STRINGS = NO;
				SWIFT_VERSION = 5.0;
				TARGETED_DEVICE_FAMILY = "1,2";
				TEST_TARGET_NAME = "Football Chants";
			};
			name = Debug;
		};
		0436650D2BF3763000870221 /* Release */ = {
			isa = XCBuildConfiguration;
			buildSettings = {
				ALWAYS_EMBED_SWIFT_STANDARD_LIBRARIES = YES;
				CODE_SIGN_STYLE = Automatic;
				CURRENT_PROJECT_VERSION = 1;
				DEVELOPMENT_TEAM = 6ZJT2Y529T;
				GENERATE_INFOPLIST_FILE = YES;
				IPHONEOS_DEPLOYMENT_TARGET = 17.2;
				MACOSX_DEPLOYMENT_TARGET = 14.0;
				MARKETING_VERSION = 1.0;
				PRODUCT_BUNDLE_IDENTIFIER = "winzo.Football-ChantsUITests";
				PRODUCT_NAME = "$(TARGET_NAME)";
				SDKROOT = auto;
				SUPPORTED_PLATFORMS = "iphoneos iphonesimulator macosx";
				SWIFT_EMIT_LOC_STRINGS = NO;
				SWIFT_VERSION = 5.0;
				TARGETED_DEVICE_FAMILY = "1,2";
				TEST_TARGET_NAME = "Football Chants";
			};
			name = Release;
		};
/* End XCBuildConfiguration section */

/* Begin XCConfigurationList section */
		043664DB2BF3763000870221 /* Build configuration list for PBXProject "Football Chants" */ = {
			isa = XCConfigurationList;
			buildConfigurations = (
				043665032BF3763000870221 /* Debug */,
				043665042BF3763000870221 /* Release */,
			);
			defaultConfigurationIsVisible = 0;
			defaultConfigurationName = Release;
		};
		043665052BF3763000870221 /* Build configuration list for PBXNativeTarget "Football Chants" */ = {
			isa = XCConfigurationList;
			buildConfigurations = (
				043665062BF3763000870221 /* Debug */,
				043665072BF3763000870221 /* Release */,
			);
			defaultConfigurationIsVisible = 0;
			defaultConfigurationName = Release;
		};
		043665082BF3763000870221 /* Build configuration list for PBXNativeTarget "Football ChantsTests" */ = {
			isa = XCConfigurationList;
			buildConfigurations = (
				043665092BF3763000870221 /* Debug */,
				0436650A2BF3763000870221 /* Release */,
			);
			defaultConfigurationIsVisible = 0;
			defaultConfigurationName = Release;
		};
		0436650B2BF3763000870221 /* Build configuration list for PBXNativeTarget "Football ChantsUITests" */ = {
			isa = XCConfigurationList;
			buildConfigurations = (
				0436650C2BF3763000870221 /* Debug */,
				0436650D2BF3763000870221 /* Release */,
			);
			defaultConfigurationIsVisible = 0;
			defaultConfigurationName = Release;
		};
/* End XCConfigurationList section */
	};
	rootObject = 043664D82BF3763000870221 /* Project object */;
}
